PODS:
  - FlutterMacOS (1.0.0)
  - rust_lib_frb_example_rust_ui_counter (0.0.1):
    - FlutterMacOS

DEPENDENCIES:
  - FlutterMacOS (from `Flutter/ephemeral`)
  - rust_lib_frb_example_rust_ui_counter (from `Flutter/ephemeral/.symlinks/plugins/rust_lib_frb_example_rust_ui_counter/macos`)

EXTERNAL SOURCES:
  FlutterMacOS:
    :path: Flutter/ephemeral
  rust_lib_frb_example_rust_ui_counter:
    :path: Flutter/ephemeral/.symlinks/plugins/rust_lib_frb_example_rust_ui_counter/macos

SPEC CHECKSUMS:
  FlutterMacOS: 8f6f14fa908a6fb3fba0cd85dbd81ec4b251fb24
  rust_lib_frb_example_rust_ui_counter: 8685400f4460225183eecd76597414d9eedbf091

PODFILE CHECKSUM: 236401fc2c932af29a9fcf0e97baeeb2d750d367

COCOAPODS: 1.11.3
