PODS:
  - FlutterMacOS (1.0.0)
  - rust_lib_flutter_via_create (0.0.1):
    - FlutterMacOS

DEPENDENCIES:
  - FlutterMacOS (from `Flutter/ephemeral`)
  - rust_lib_flutter_via_create (from `Flutter/ephemeral/.symlinks/plugins/rust_lib_flutter_via_create/macos`)

EXTERNAL SOURCES:
  FlutterMacOS:
    :path: Flutter/ephemeral
  rust_lib_flutter_via_create:
    :path: Flutter/ephemeral/.symlinks/plugins/rust_lib_flutter_via_create/macos

SPEC CHECKSUMS:
  FlutterMacOS: d0db08ddef1a9af05a5ec4b724367152bb0500b1
  rust_lib_flutter_via_create: 89a72f05b84617701750c6f563c3393844521161

PODFILE CHECKSUM: 9ebaf0ce3d369aaa26a9ea0e159195ed94724cf3

COCOAPODS: 1.16.2
