PODS:
  - FlutterMacOS (1.0.0)
  - rust_lib_flutter_via_create (0.0.1):
    - FlutterMacOS

DEPENDENCIES:
  - FlutterMacOS (from `Flutter/ephemeral`)
  - rust_lib_flutter_via_create (from `Flutter/ephemeral/.symlinks/plugins/rust_lib_flutter_via_create/macos`)

EXTERNAL SOURCES:
  FlutterMacOS:
    :path: Flutter/ephemeral
  rust_lib_flutter_via_create:
    :path: Flutter/ephemeral/.symlinks/plugins/rust_lib_flutter_via_create/macos

SPEC CHECKSUMS:
  FlutterMacOS: 8f6f14fa908a6fb3fba0cd85dbd81ec4b251fb24
  rust_lib_flutter_via_create: 81c0c36221eaaa5aa947350aa0eb9824b6d43bc3

PODFILE CHECKSUM: 236401fc2c932af29a9fcf0e97baeeb2d750d367

COCOAPODS: 1.11.3
