# This file is automatically @generated by Cargo.
# It is not intended for manual editing.
version = 3

[[package]]
name = "cc"
version = "1.0.83"
source = "registry+https://github.com/rust-lang/crates.io-index"
checksum = "f1174fb0b6ec23863f8b971027804a42614e347eafb0a95bf0b12cdae21fc4d0"
dependencies = [
 "libc",
]

[[package]]
name = "dart-sys"
version = "4.0.2"
source = "registry+https://github.com/rust-lang/crates.io-index"
checksum = "8d8b5680b5c2cc52f50acb2457d9b3a3b58adcca785db13a0e3655626f601de6"
dependencies = [
 "cc",
]

[[package]]
name = "frb_example_dart_minimal"
version = "0.1.0"
dependencies = [
 "dart-sys",
]

[[package]]
name = "libc"
version = "0.2.150"
source = "registry+https://github.com/rust-lang/crates.io-index"
checksum = "89d92a4743f9a61002fae18374ed11e7973f530cb3a3255fb354818118b2203c"
