PODS:
  - FlutterMacOS (1.0.0)
  - rust_builder (0.0.1):
    - FlutterMacOS

DEPENDENCIES:
  - FlutterMacOS (from `Flutter/ephemeral`)
  - rust_builder (from `Flutter/ephemeral/.symlinks/plugins/rust_builder/macos`)

EXTERNAL SOURCES:
  FlutterMacOS:
    :path: Flutter/ephemeral
  rust_builder:
    :path: Flutter/ephemeral/.symlinks/plugins/rust_builder/macos

SPEC CHECKSUMS:
  FlutterMacOS: 8f6f14fa908a6fb3fba0cd85dbd81ec4b251fb24
  rust_builder: d6115f3c96b081d2c66f05771d1c2509559e2073

PODFILE CHECKSUM: 236401fc2c932af29a9fcf0e97baeeb2d750d367

COCOAPODS: 1.11.3
